{
  "pins" : [
    {
      "identity" : "libffi",
      "kind" : "remoteSourceControl",
      "location" : "https://github.com/yongwoo-jo/libffi.git",
      "state" : {
        "revision" : "c006945112296b8dc4c47bf70cd3ad5fc31488cf",
        "version" : "3.3.6-iOS"
      }
    }
  ],
  "version" : 2
}
